{
  "version": 4,
  "terraform_version": "1.8.5",
  "serial": 300,
  "lineage": "a33f10bb-f5b1-6588-cf97-4a69c4f9ab20",
  "outputs": {
    "adc_clients_private_ip": {
      "value": "10.0.2.2",
      "type": "string"
    },
    "adc_mgmt_external_ip": {
      "value": "104.154.181.77",
      "type": "string"
    },
    "adc_mgmt_private_ip": {
      "value": "10.0.1.2",
      "type": "string"
    },
    "adc_servers_private_ip": {
      "value": "10.0.3.2",
      "type": "string"
    }
  },
  "resources": [
    {
      "mode": "data",
      "type": "template_file",
      "name": "rendered_userdata",
      "provider": "provider[\"registry.terraform.io/hashicorp/template\"]",
      "instances": [
        {
          "schema_version": 0,
          "attributes": {
            "filename": null,
            "id": "63f4543945ac527a31b15d77b6e5812f96e84c075f1c1a44fd153b12d2be582f",
            "rendered": "{\r\n  \"UserCredentials\": {\r\n    \"name\": \"admin\",\r\n    \"password\": \"radware123\",\r\n    \"cos\": \"admin\"\r\n  },\r\n  \r\n  \"RawConfig\": {\r\n    \"Config\": \"\",\r\n    \"ConfigArray\": [\r\n      \"/c/sys/access/snmp w\",\r\n      \"/cfg/sys/ntp/on/prisrv 132.163.97.8/tzone UTC\",\r\n      \"/c/sys/ssnmp/auth ena\",\r\n      \"/c/sys/ssnmp/snmpv3/taddr 1/name v1v2trap1/addr 10.0.1.2/taglist v1v2param1/pname v1v2param1\",\r\n      \"/c/sys/ssnmp/snmpv3/tparam 1/name v1v2param1/mpmodel snmpv1/uname v1v2only/model snmpv1\",\r\n      \"/c/sys/ssnmp/snmpv3/notify 1/name v1v2Trap1/tag v1v2param1\",\r\n      \"/c/sys/ssnmp/snmpv3/comm 1/index trapComm1/name public/uname v1v2only\",\r\n      \r\n      \"/c/sys/ssnmp/name default-vm\",\r\n      \"/c/slb/real loggerReal/ena/ipver v4/rip 10.0.1.2\",\r\n      \"/c/slb/group loggerGroup/ipver v4/add loggerReal\",\r\n      \"/c/slb/rlogging logger1/ena/proto tcp/port 5140/group loggerGroup/path mgmt\",\r\n      \"/c/l3/if 1/ena/ipver v4/addr 10.0.2.2/mask 255.255.255.0\",\r\n      \"/c/l3/if 2/ena/ipver v4/addr 10.0.3.2/mask 255.255.255.0/vlan 2\",\r\n      \"/c/slb/pip/add 10.0.3.3 2\",\r\n      \r\n      \"/c/sys/syslog/hst1 1.2.3.4 7 0 all 514\",\r\n      \"/c/sys/syslog/hst2 0.0.0.0 7 0 all 514\"\r\n    ]\r\n  }\r\n}",
            "template": "{\r\n  \"UserCredentials\": {\r\n    \"name\": \"${admin_user}\",\r\n    \"password\": \"${admin_password}\",\r\n    \"cos\": \"admin\"\r\n  },\r\n  %{ if gel_enabled }\r\n  \"GEL\": {\r\n    \"status\": \"ena\",\r\n    \"primaryURL\": \"${gel_url_primary}\",\r\n    %{ if cc_remote_ip != \"0.0.0.0\" }\r\n    \"secondaryURL\": \"${gel_url_secondary}\",\r\n    %{ endif }\r\n    \"devicename\": \"${vm_name}\",\r\n    \"interval\": \"300\",\r\n    \"retryInt\": \"60\",\r\n    \"retries\": \"3\",\r\n    \"entID\": \"${gel_ent_id}\",\r\n    \"throughput\": \"${gel_throughput_mb}\",\r\n    \"addon\": \"2\",\r\n    \"dnspri\": \"${gel_dns_pri}\"\r\n  },\r\n  %{ endif }\r\n  \"RawConfig\": {\r\n    \"Config\": \"\",\r\n    \"ConfigArray\": [\r\n      \"/c/sys/access/snmp w\",\r\n      \"/cfg/sys/ntp/on/prisrv ${ntp_primary_server}/tzone ${ntp_tzone}\",\r\n      \"/c/sys/ssnmp/auth ena\",\r\n      \"/c/sys/ssnmp/snmpv3/taddr 1/name v1v2trap1/addr ${cc_local_ip}/taglist v1v2param1/pname v1v2param1\",\r\n      \"/c/sys/ssnmp/snmpv3/tparam 1/name v1v2param1/mpmodel snmpv1/uname v1v2only/model snmpv1\",\r\n      \"/c/sys/ssnmp/snmpv3/notify 1/name v1v2Trap1/tag v1v2param1\",\r\n      \"/c/sys/ssnmp/snmpv3/comm 1/index trapComm1/name public/uname v1v2only\",\r\n      %{ if cc_remote_ip != \"0.0.0.0\" }\r\n      \"/c/sys/ssnmp/snmpv3/taddr 2/name v1v2trap2/addr ${cc_remote_ip}/taglist v1v2param2/pname v1v2param2\",\r\n      \"/c/sys/ssnmp/snmpv3/tparam 2/name v1v2param2/mpmodel snmpv1/uname v1v2only/model snmpv1\",\r\n      \"/c/sys/ssnmp/snmpv3/notify 2/name v1v2Trap2/tag v1v2param2\",\r\n      \"/c/sys/ssnmp/snmpv3/comm 2/index trapComm2/name public/uname v1v2only\",\r\n      \"/c/slb/real backup_loggerReal/ena/ipver v4/rip ${cc_remote_ip}\",\r\n      \"/c/slb/real loggerReal/backup backup_loggerReal\",\r\n      %{ endif }\r\n      \"/c/sys/ssnmp/name ${vm_name}\",\r\n      \"/c/slb/real loggerReal/ena/ipver v4/rip ${cc_local_ip}\",\r\n      \"/c/slb/group loggerGroup/ipver v4/add loggerReal\",\r\n      \"/c/slb/rlogging logger1/ena/proto tcp/port 5140/group loggerGroup/path mgmt\",\r\n      \"/c/l3/if 1/ena/ipver v4/addr ${adc_clients_private_ip}/mask 255.255.255.0\",\r\n      \"/c/l3/if 2/ena/ipver v4/addr ${adc_servers_private_ip}/mask 255.255.255.0/vlan 2\",\r\n      \"/c/slb/pip/add ${adc_servers_private_ip_pip} 2\",\r\n      \r\n      \"/c/sys/syslog/hst1 ${hst1_ip} ${hst1_severity} ${hst1_facility} ${hst1_module} ${hst1_port}\",\r\n      \"/c/sys/syslog/hst2 ${hst2_ip} ${hst2_severity} ${hst2_facility} ${hst2_module} ${hst2_port}\"\r\n    ]\r\n  }\r\n}",
            "vars": {
              "adc_clients_private_ip": "10.0.2.2",
              "adc_servers_private_ip": "10.0.3.2",
              "adc_servers_private_ip_pip": "10.0.3.3",
              "admin_password": "radware123",
              "admin_user": "admin",
              "cc_local_ip": "10.0.1.2",
              "cc_remote_ip": "0.0.0.0",
              "gel_dns_pri": "8.8.8.8",
              "gel_enabled": "false",
              "gel_ent_id": "12345",
              "gel_throughput_mb": "100",
              "gel_url_primary": "http://primary.gel.example.com",
              "gel_url_secondary": "http://secondary.gel.example.com",
              "hst1_facility": "0",
              "hst1_ip": "1.2.3.4",
              "hst1_module": "all",
              "hst1_port": "514",
              "hst1_severity": "7",
              "hst2_facility": "0",
              "hst2_ip": "0.0.0.0",
              "hst2_module": "all",
              "hst2_port": "514",
              "hst2_severity": "7",
              "ntp_primary_server": "132.163.97.8",
              "ntp_tzone": "UTC",
              "vm_name": "default-vm"
            }
          },
          "sensitive_attributes": []
        }
      ]
    },
    {
      "mode": "managed",
      "type": "google_compute_firewall",
      "name": "adc_alteon_data_sg",
      "provider": "provider[\"registry.terraform.io/hashicorp/google\"]",
      "instances": [
        {
          "schema_version": 1,
          "attributes": {
            "allow": [
              {
                "ports": [
                  "22",
                  "3121",
                  "2222",
                  "443",
                  "8443"
                ],
                "protocol": "tcp"
              },
              {
                "ports": [],
                "protocol": "icmp"
              }
            ],
            "creation_timestamp": "2024-08-26T02:09:12.738-07:00",
            "deny": [],
            "description": "",
            "destination_ranges": [],
            "direction": "INGRESS",
            "disabled": false,
            "enable_logging": null,
            "id": "projects/radware-alteon/global/firewalls/alteon-data-sg-default",
            "log_config": [],
            "name": "alteon-data-sg-default",
            "network": "https://www.googleapis.com/compute/v1/projects/radware-alteon/global/networks/adc-data-vpc-default",
            "priority": 1000,
            "project": "radware-alteon",
            "self_link": "https://www.googleapis.com/compute/v1/projects/radware-alteon/global/firewalls/alteon-data-sg-default",
            "source_ranges": [
              "0.0.0.0/0"
            ],
            "source_service_accounts": null,
            "source_tags": null,
            "target_service_accounts": null,
            "target_tags": null,
            "timeouts": null
          },
          "sensitive_attributes": [],
          "private": "eyJlMmJmYjczMC1lY2FhLTExZTYtOGY4OC0zNDM2M2JjN2M0YzAiOnsiY3JlYXRlIjoxMjAwMDAwMDAwMDAwLCJkZWxldGUiOjEyMDAwMDAwMDAwMDAsInVwZGF0ZSI6MTIwMDAwMDAwMDAwMH0sInNjaGVtYV92ZXJzaW9uIjoiMSJ9",
          "dependencies": [
            "google_compute_network.adc_data_vpc"
          ]
        }
      ]
    },
    {
      "mode": "managed",
      "type": "google_compute_firewall",
      "name": "adc_alteon_mgmt_sg",
      "provider": "provider[\"registry.terraform.io/hashicorp/google\"]",
      "instances": [
        {
          "schema_version": 1,
          "attributes": {
            "allow": [
              {
                "ports": [
                  "22",
                  "3121",
                  "2222",
                  "443",
                  "8443"
                ],
                "protocol": "tcp"
              },
              {
                "ports": [],
                "protocol": "icmp"
              }
            ],
            "creation_timestamp": "2024-08-26T02:09:13.196-07:00",
            "deny": [],
            "description": "",
            "destination_ranges": [],
            "direction": "INGRESS",
            "disabled": false,
            "enable_logging": null,
            "id": "projects/radware-alteon/global/firewalls/alteon-mgmt-sg-default",
            "log_config": [],
            "name": "alteon-mgmt-sg-default",
            "network": "https://www.googleapis.com/compute/v1/projects/radware-alteon/global/networks/adc-mgmt-vpc-default",
            "priority": 1000,
            "project": "radware-alteon",
            "self_link": "https://www.googleapis.com/compute/v1/projects/radware-alteon/global/firewalls/alteon-mgmt-sg-default",
            "source_ranges": [
              "0.0.0.0/0"
            ],
            "source_service_accounts": null,
            "source_tags": null,
            "target_service_accounts": null,
            "target_tags": null,
            "timeouts": null
          },
          "sensitive_attributes": [],
          "private": "eyJlMmJmYjczMC1lY2FhLTExZTYtOGY4OC0zNDM2M2JjN2M0YzAiOnsiY3JlYXRlIjoxMjAwMDAwMDAwMDAwLCJkZWxldGUiOjEyMDAwMDAwMDAwMDAsInVwZGF0ZSI6MTIwMDAwMDAwMDAwMH0sInNjaGVtYV92ZXJzaW9uIjoiMSJ9",
          "dependencies": [
            "google_compute_network.adc_mgmt_vpc"
          ]
        }
      ]
    },
    {
      "mode": "managed",
      "type": "google_compute_firewall",
      "name": "adc_alteon_servers_sg",
      "provider": "provider[\"registry.terraform.io/hashicorp/google\"]",
      "instances": [
        {
          "schema_version": 1,
          "attributes": {
            "allow": [
              {
                "ports": [
                  "22",
                  "3121",
                  "2222",
                  "443",
                  "8443"
                ],
                "protocol": "tcp"
              },
              {
                "ports": [],
                "protocol": "icmp"
              }
            ],
            "creation_timestamp": "2024-08-26T02:09:22.859-07:00",
            "deny": [],
            "description": "",
            "destination_ranges": [],
            "direction": "INGRESS",
            "disabled": false,
            "enable_logging": null,
            "id": "projects/radware-alteon/global/firewalls/alteon-servers-sg-default",
            "log_config": [],
            "name": "alteon-servers-sg-default",
            "network": "https://www.googleapis.com/compute/v1/projects/radware-alteon/global/networks/adc-servers-vpc-default",
            "priority": 1000,
            "project": "radware-alteon",
            "self_link": "https://www.googleapis.com/compute/v1/projects/radware-alteon/global/firewalls/alteon-servers-sg-default",
            "source_ranges": [
              "0.0.0.0/0"
            ],
            "source_service_accounts": null,
            "source_tags": null,
            "target_service_accounts": null,
            "target_tags": null,
            "timeouts": null
          },
          "sensitive_attributes": [],
          "private": "eyJlMmJmYjczMC1lY2FhLTExZTYtOGY4OC0zNDM2M2JjN2M0YzAiOnsiY3JlYXRlIjoxMjAwMDAwMDAwMDAwLCJkZWxldGUiOjEyMDAwMDAwMDAwMDAsInVwZGF0ZSI6MTIwMDAwMDAwMDAwMH0sInNjaGVtYV92ZXJzaW9uIjoiMSJ9",
          "dependencies": [
            "google_compute_network.adc_servers_vpc"
          ]
        }
      ]
    },
    {
      "mode": "managed",
      "type": "google_compute_instance",
      "name": "adc_instance",
      "provider": "provider[\"registry.terraform.io/hashicorp/google\"]",
      "instances": [
        {
          "schema_version": 6,
          "attributes": {
            "advanced_machine_features": [],
            "allow_stopping_for_update": null,
            "attached_disk": [],
            "boot_disk": [
              {
                "auto_delete": true,
                "device_name": "persistent-disk-0",
                "disk_encryption_key_raw": "",
                "disk_encryption_key_sha256": "",
                "initialize_params": [
                  {
                    "enable_confidential_compute": false,
                    "image": "https://www.googleapis.com/compute/v1/projects/radware-alteon/global/images/alteon-os-ubuntu18-5-ndebug-gcp",
                    "labels": {},
                    "provisioned_iops": 0,
                    "provisioned_throughput": 0,
                    "resource_manager_tags": null,
                    "size": 12,
                    "storage_pool": "",
                    "type": "pd-balanced"
                  }
                ],
                "kms_key_self_link": "",
                "mode": "READ_WRITE",
                "source": "https://www.googleapis.com/compute/v1/projects/radware-alteon/zones/us-central1-a/disks/adc-instance-default"
              }
            ],
            "can_ip_forward": false,
            "confidential_instance_config": [],
            "cpu_platform": "Intel Broadwell",
            "current_status": "RUNNING",
            "deletion_protection": false,
            "description": "",
            "desired_status": null,
            "effective_labels": {
              "goog-ec-src": "vm_add-tf"
            },
            "enable_display": false,
            "guest_accelerator": [],
            "hostname": "",
            "id": "projects/radware-alteon/zones/us-central1-a/instances/adc-instance-default",
            "instance_id": "1182094398748489918",
            "label_fingerprint": "u__a2NSF3Cs=",
            "labels": {
              "goog-ec-src": "vm_add-tf"
            },
            "machine_type": "e2-highcpu-4",
            "metadata": {
              "user-data": "Initial provisioning. Instance will be updated and started."
            },
            "metadata_fingerprint": "PyEDdn3CFNw=",
            "metadata_startup_script": null,
            "min_cpu_platform": "",
            "name": "adc-instance-default",
            "network_interface": [
              {
                "access_config": [
                  {
                    "nat_ip": "104.154.181.77",
                    "network_tier": "PREMIUM",
                    "public_ptr_domain_name": ""
                  }
                ],
                "alias_ip_range": [],
                "internal_ipv6_prefix_length": 0,
                "ipv6_access_config": [],
                "ipv6_access_type": "",
                "ipv6_address": "",
                "name": "nic0",
                "network": "https://www.googleapis.com/compute/v1/projects/radware-alteon/global/networks/adc-mgmt-vpc-default",
                "network_ip": "10.0.1.2",
                "nic_type": "",
                "queue_count": 0,
                "stack_type": "IPV4_ONLY",
                "subnetwork": "https://www.googleapis.com/compute/v1/projects/radware-alteon/regions/us-central1/subnetworks/adc-mgmt-subnet-default",
                "subnetwork_project": "radware-alteon"
              },
              {
                "access_config": [],
                "alias_ip_range": [],
                "internal_ipv6_prefix_length": 0,
                "ipv6_access_config": [],
                "ipv6_access_type": "",
                "ipv6_address": "",
                "name": "nic1",
                "network": "https://www.googleapis.com/compute/v1/projects/radware-alteon/global/networks/adc-data-vpc-default",
                "network_ip": "10.0.2.2",
                "nic_type": "",
                "queue_count": 0,
                "stack_type": "IPV4_ONLY",
                "subnetwork": "https://www.googleapis.com/compute/v1/projects/radware-alteon/regions/us-central1/subnetworks/adc-data-subnet-default",
                "subnetwork_project": "radware-alteon"
              },
              {
                "access_config": [],
                "alias_ip_range": [],
                "internal_ipv6_prefix_length": 0,
                "ipv6_access_config": [],
                "ipv6_access_type": "",
                "ipv6_address": "",
                "name": "nic2",
                "network": "https://www.googleapis.com/compute/v1/projects/radware-alteon/global/networks/adc-servers-vpc-default",
                "network_ip": "10.0.3.2",
                "nic_type": "",
                "queue_count": 0,
                "stack_type": "IPV4_ONLY",
                "subnetwork": "https://www.googleapis.com/compute/v1/projects/radware-alteon/regions/us-central1/subnetworks/adc-servers-subnet-default",
                "subnetwork_project": "radware-alteon"
              }
            ],
            "network_performance_config": [],
            "params": [],
            "project": "radware-alteon",
            "reservation_affinity": [],
            "resource_policies": null,
            "scheduling": [
              {
                "automatic_restart": false,
                "instance_termination_action": "",
                "local_ssd_recovery_timeout": [],
                "max_run_duration": [],
                "min_node_cpus": 0,
                "node_affinities": [],
                "on_host_maintenance": "MIGRATE",
                "on_instance_stop_action": [],
                "preemptible": false,
                "provisioning_model": "STANDARD"
              }
            ],
            "scratch_disk": [],
            "self_link": "https://www.googleapis.com/compute/v1/projects/radware-alteon/zones/us-central1-a/instances/adc-instance-default",
            "service_account": [
              {
                "email": "591546275183-compute@developer.gserviceaccount.com",
                "scopes": [
                  "https://www.googleapis.com/auth/cloud-platform"
                ]
              }
            ],
            "shielded_instance_config": [
              {
                "enable_integrity_monitoring": true,
                "enable_secure_boot": false,
                "enable_vtpm": true
              }
            ],
            "tags": [
              "adc-instance"
            ],
            "tags_fingerprint": "-7evfq3OJls=",
            "terraform_labels": {
              "goog-ec-src": "vm_add-tf"
            },
            "timeouts": null,
            "zone": "us-central1-a"
          },
          "sensitive_attributes": [
            [
              {
                "type": "get_attr",
                "value": "boot_disk"
              },
              {
                "type": "index",
                "value": {
                  "value": 0,
                  "type": "number"
                }
              },
              {
                "type": "get_attr",
                "value": "disk_encryption_key_raw"
              }
            ]
          ],
          "private": "eyJlMmJmYjczMC1lY2FhLTExZTYtOGY4OC0zNDM2M2JjN2M0YzAiOnsiY3JlYXRlIjoxMjAwMDAwMDAwMDAwLCJkZWxldGUiOjEyMDAwMDAwMDAwMDAsInVwZGF0ZSI6MTIwMDAwMDAwMDAwMH0sInNjaGVtYV92ZXJzaW9uIjoiNiJ9",
          "dependencies": [
            "google_compute_network.adc_data_vpc",
            "google_compute_network.adc_mgmt_vpc",
            "google_compute_network.adc_servers_vpc",
            "google_compute_subnetwork.adc_data_subnet",
            "google_compute_subnetwork.adc_mgmt_subnet",
            "google_compute_subnetwork.adc_servers_subnet"
          ]
        }
      ]
    },
    {
      "mode": "managed",
      "type": "google_compute_network",
      "name": "adc_data_vpc",
      "provider": "provider[\"registry.terraform.io/hashicorp/google\"]",
      "instances": [
        {
          "schema_version": 0,
          "attributes": {
            "auto_create_subnetworks": false,
            "delete_default_routes_on_create": false,
            "description": "",
            "enable_ula_internal_ipv6": false,
            "gateway_ipv4": "",
            "id": "projects/radware-alteon/global/networks/adc-data-vpc-default",
            "internal_ipv6_range": "",
            "mtu": 0,
            "name": "adc-data-vpc-default",
            "network_firewall_policy_enforcement_order": "AFTER_CLASSIC_FIREWALL",
            "numeric_id": "6299727564644677826",
            "project": "radware-alteon",
            "routing_mode": "REGIONAL",
            "self_link": "https://www.googleapis.com/compute/v1/projects/radware-alteon/global/networks/adc-data-vpc-default",
            "timeouts": null
          },
          "sensitive_attributes": [],
          "private": "eyJlMmJmYjczMC1lY2FhLTExZTYtOGY4OC0zNDM2M2JjN2M0YzAiOnsiY3JlYXRlIjoxMjAwMDAwMDAwMDAwLCJkZWxldGUiOjEyMDAwMDAwMDAwMDAsInVwZGF0ZSI6MTIwMDAwMDAwMDAwMH19"
        }
      ]
    },
    {
      "mode": "managed",
      "type": "google_compute_network",
      "name": "adc_mgmt_vpc",
      "provider": "provider[\"registry.terraform.io/hashicorp/google\"]",
      "instances": [
        {
          "schema_version": 0,
          "attributes": {
            "auto_create_subnetworks": false,
            "delete_default_routes_on_create": false,
            "description": "",
            "enable_ula_internal_ipv6": false,
            "gateway_ipv4": "",
            "id": "projects/radware-alteon/global/networks/adc-mgmt-vpc-default",
            "internal_ipv6_range": "",
            "mtu": 0,
            "name": "adc-mgmt-vpc-default",
            "network_firewall_policy_enforcement_order": "AFTER_CLASSIC_FIREWALL",
            "numeric_id": "2762294136318064834",
            "project": "radware-alteon",
            "routing_mode": "REGIONAL",
            "self_link": "https://www.googleapis.com/compute/v1/projects/radware-alteon/global/networks/adc-mgmt-vpc-default",
            "timeouts": null
          },
          "sensitive_attributes": [],
          "private": "eyJlMmJmYjczMC1lY2FhLTExZTYtOGY4OC0zNDM2M2JjN2M0YzAiOnsiY3JlYXRlIjoxMjAwMDAwMDAwMDAwLCJkZWxldGUiOjEyMDAwMDAwMDAwMDAsInVwZGF0ZSI6MTIwMDAwMDAwMDAwMH19"
        }
      ]
    },
    {
      "mode": "managed",
      "type": "google_compute_network",
      "name": "adc_servers_vpc",
      "provider": "provider[\"registry.terraform.io/hashicorp/google\"]",
      "instances": [
        {
          "schema_version": 0,
          "attributes": {
            "auto_create_subnetworks": false,
            "delete_default_routes_on_create": false,
            "description": "",
            "enable_ula_internal_ipv6": false,
            "gateway_ipv4": "",
            "id": "projects/radware-alteon/global/networks/adc-servers-vpc-default",
            "internal_ipv6_range": "",
            "mtu": 0,
            "name": "adc-servers-vpc-default",
            "network_firewall_policy_enforcement_order": "AFTER_CLASSIC_FIREWALL",
            "numeric_id": "1943309646100035779",
            "project": "radware-alteon",
            "routing_mode": "REGIONAL",
            "self_link": "https://www.googleapis.com/compute/v1/projects/radware-alteon/global/networks/adc-servers-vpc-default",
            "timeouts": null
          },
          "sensitive_attributes": [],
          "private": "eyJlMmJmYjczMC1lY2FhLTExZTYtOGY4OC0zNDM2M2JjN2M0YzAiOnsiY3JlYXRlIjoxMjAwMDAwMDAwMDAwLCJkZWxldGUiOjEyMDAwMDAwMDAwMDAsInVwZGF0ZSI6MTIwMDAwMDAwMDAwMH19"
        }
      ]
    },
    {
      "mode": "managed",
      "type": "google_compute_subnetwork",
      "name": "adc_data_subnet",
      "provider": "provider[\"registry.terraform.io/hashicorp/google\"]",
      "instances": [
        {
          "schema_version": 0,
          "attributes": {
            "creation_timestamp": "2024-08-26T02:09:13.315-07:00",
            "description": "",
            "external_ipv6_prefix": "",
            "fingerprint": null,
            "gateway_address": "10.0.2.1",
            "id": "projects/radware-alteon/regions/us-central1/subnetworks/adc-data-subnet-default",
            "internal_ipv6_prefix": "",
            "ip_cidr_range": "10.0.2.0/24",
            "ipv6_access_type": "",
            "ipv6_cidr_range": "",
            "log_config": [],
            "name": "adc-data-subnet-default",
            "network": "https://www.googleapis.com/compute/v1/projects/radware-alteon/global/networks/adc-data-vpc-default",
            "private_ip_google_access": false,
            "private_ipv6_google_access": "DISABLE_GOOGLE_ACCESS",
            "project": "radware-alteon",
            "purpose": "PRIVATE",
            "region": "us-central1",
            "role": "",
            "secondary_ip_range": [],
            "self_link": "https://www.googleapis.com/compute/v1/projects/radware-alteon/regions/us-central1/subnetworks/adc-data-subnet-default",
            "send_secondary_ip_range_if_empty": null,
            "stack_type": "IPV4_ONLY",
            "timeouts": null
          },
          "sensitive_attributes": [],
          "private": "eyJlMmJmYjczMC1lY2FhLTExZTYtOGY4OC0zNDM2M2JjN2M0YzAiOnsiY3JlYXRlIjoxMjAwMDAwMDAwMDAwLCJkZWxldGUiOjEyMDAwMDAwMDAwMDAsInVwZGF0ZSI6MTIwMDAwMDAwMDAwMH19",
          "dependencies": [
            "google_compute_network.adc_data_vpc"
          ]
        }
      ]
    },
    {
      "mode": "managed",
      "type": "google_compute_subnetwork",
      "name": "adc_mgmt_subnet",
      "provider": "provider[\"registry.terraform.io/hashicorp/google\"]",
      "instances": [
        {
          "schema_version": 0,
          "attributes": {
            "creation_timestamp": "2024-08-26T02:09:13.426-07:00",
            "description": "",
            "external_ipv6_prefix": "",
            "fingerprint": null,
            "gateway_address": "10.0.1.1",
            "id": "projects/radware-alteon/regions/us-central1/subnetworks/adc-mgmt-subnet-default",
            "internal_ipv6_prefix": "",
            "ip_cidr_range": "10.0.1.0/24",
            "ipv6_access_type": "",
            "ipv6_cidr_range": "",
            "log_config": [],
            "name": "adc-mgmt-subnet-default",
            "network": "https://www.googleapis.com/compute/v1/projects/radware-alteon/global/networks/adc-mgmt-vpc-default",
            "private_ip_google_access": false,
            "private_ipv6_google_access": "DISABLE_GOOGLE_ACCESS",
            "project": "radware-alteon",
            "purpose": "PRIVATE",
            "region": "us-central1",
            "role": "",
            "secondary_ip_range": [],
            "self_link": "https://www.googleapis.com/compute/v1/projects/radware-alteon/regions/us-central1/subnetworks/adc-mgmt-subnet-default",
            "send_secondary_ip_range_if_empty": null,
            "stack_type": "IPV4_ONLY",
            "timeouts": null
          },
          "sensitive_attributes": [],
          "private": "eyJlMmJmYjczMC1lY2FhLTExZTYtOGY4OC0zNDM2M2JjN2M0YzAiOnsiY3JlYXRlIjoxMjAwMDAwMDAwMDAwLCJkZWxldGUiOjEyMDAwMDAwMDAwMDAsInVwZGF0ZSI6MTIwMDAwMDAwMDAwMH19",
          "dependencies": [
            "google_compute_network.adc_mgmt_vpc"
          ]
        }
      ]
    },
    {
      "mode": "managed",
      "type": "google_compute_subnetwork",
      "name": "adc_servers_subnet",
      "provider": "provider[\"registry.terraform.io/hashicorp/google\"]",
      "instances": [
        {
          "schema_version": 0,
          "attributes": {
            "creation_timestamp": "2024-08-26T02:09:22.973-07:00",
            "description": "",
            "external_ipv6_prefix": "",
            "fingerprint": null,
            "gateway_address": "10.0.3.1",
            "id": "projects/radware-alteon/regions/us-central1/subnetworks/adc-servers-subnet-default",
            "internal_ipv6_prefix": "",
            "ip_cidr_range": "10.0.3.0/24",
            "ipv6_access_type": "",
            "ipv6_cidr_range": "",
            "log_config": [],
            "name": "adc-servers-subnet-default",
            "network": "https://www.googleapis.com/compute/v1/projects/radware-alteon/global/networks/adc-servers-vpc-default",
            "private_ip_google_access": false,
            "private_ipv6_google_access": "DISABLE_GOOGLE_ACCESS",
            "project": "radware-alteon",
            "purpose": "PRIVATE",
            "region": "us-central1",
            "role": "",
            "secondary_ip_range": [],
            "self_link": "https://www.googleapis.com/compute/v1/projects/radware-alteon/regions/us-central1/subnetworks/adc-servers-subnet-default",
            "send_secondary_ip_range_if_empty": null,
            "stack_type": "IPV4_ONLY",
            "timeouts": null
          },
          "sensitive_attributes": [],
          "private": "eyJlMmJmYjczMC1lY2FhLTExZTYtOGY4OC0zNDM2M2JjN2M0YzAiOnsiY3JlYXRlIjoxMjAwMDAwMDAwMDAwLCJkZWxldGUiOjEyMDAwMDAwMDAwMDAsInVwZGF0ZSI6MTIwMDAwMDAwMDAwMH19",
          "dependencies": [
            "google_compute_network.adc_servers_vpc"
          ]
        }
      ]
    },
    {
      "mode": "managed",
      "type": "null_resource",
      "name": "update_and_start_instance",
      "provider": "provider[\"registry.terraform.io/hashicorp/null\"]",
      "instances": [
        {
          "status": "tainted",
          "schema_version": 0,
          "attributes": {
            "id": "830632611",
            "triggers": {
              "instance_id": "projects/radware-alteon/zones/us-central1-a/instances/adc-instance-default"
            }
          },
          "sensitive_attributes": [],
          "dependencies": [
            "google_compute_instance.adc_instance",
            "google_compute_network.adc_data_vpc",
            "google_compute_network.adc_mgmt_vpc",
            "google_compute_network.adc_servers_vpc",
            "google_compute_subnetwork.adc_data_subnet",
            "google_compute_subnetwork.adc_mgmt_subnet",
            "google_compute_subnetwork.adc_servers_subnet"
          ]
        }
      ]
    }
  ],
  "check_results": null
}
